// !$*UTF8*$!
{
	archiveVersion = 1;
	classes = {
	};
	objectVersion = 46;
	objects = {

/* Begin PBXBuildFile section */
		301E648717B1B8D700FDCC67 /* ReviewCommentCell.xib in Resources */ = {isa = PBXBuildFile; fileRef = 301E648617B1B8D700FDCC67 /* ReviewCommentCell.xib */; };
		301E648917B1BB5F00FDCC67 /* MenuItemCell.xib in Resources */ = {isa = PBXBuildFile; fileRef = 301E648817B1BB5E00FDCC67 /* MenuItemCell.xib */; };
		3049EE0417D63429005A9918 /* AddRatingViewController.xib in Resources */ = {isa = PBXBuildFile; fileRef = 30DFA90E17B1BE4C00B729FB /* AddRatingViewController.xib */; };
		3049EE0517D63764005A9918 /* 3-5-stars.png in Resources */ = {isa = PBXBuildFile; fileRef = 30DFA91117B1BE7800B729FB /* 3-5-stars.png */; };
		3060205717B18BFC003F4B54 /* MenuViewController.m in Sources */ = {isa = PBXBuildFile; fileRef = 3060205517B18BFC003F4B54 /* MenuViewController.m */; };
		3060205817B18BFC003F4B54 /* MenuViewController.xib in Resources */ = {isa = PBXBuildFile; fileRef = 3060205617B18BFC003F4B54 /* MenuViewController.xib */; };
		3060205C17B18C3E003F4B54 /* MenuItemViewController.m in Sources */ = {isa = PBXBuildFile; fileRef = 3060205A17B18C3E003F4B54 /* MenuItemViewController.m */; };
		3060205D17B18C3E003F4B54 /* MenuItemViewController.xib in Resources */ = {isa = PBXBuildFile; fileRef = 3060205B17B18C3E003F4B54 /* MenuItemViewController.xib */; };
		3060206017B18C77003F4B54 /* MenuItemCell.m in Sources */ = {isa = PBXBuildFile; fileRef = 3060205F17B18C77003F4B54 /* MenuItemCell.m */; };
		3065242D17D00839001D9D7D /* bldg-e-clear-tall.png in Resources */ = {isa = PBXBuildFile; fileRef = 3065242717D00839001D9D7D /* bldg-e-clear-tall.png */; };
		3065242E17D00839001D9D7D /* bldg-f-clear-tall.png in Resources */ = {isa = PBXBuildFile; fileRef = 3065242817D00839001D9D7D /* bldg-f-clear-tall.png */; };
		3065242F17D00839001D9D7D /* bldg-g-clear-tall.png in Resources */ = {isa = PBXBuildFile; fileRef = 3065242917D00839001D9D7D /* bldg-g-clear-tall.png */; };
		3065243017D00839001D9D7D /* bldg-urls-clear-tall.png in Resources */ = {isa = PBXBuildFile; fileRef = 3065242A17D00839001D9D7D /* bldg-urls-clear-tall.png */; };
		3065243117D00839001D9D7D /* peppers-clear.png in Resources */ = {isa = PBXBuildFile; fileRef = 3065242B17D00839001D9D7D /* peppers-clear.png */; };
		3065243217D00839001D9D7D /* url-s-yahoo-main-cafeteria.jpg in Resources */ = {isa = PBXBuildFile; fileRef = 3065242C17D00839001D9D7D /* url-s-yahoo-main-cafeteria.jpg */; };
		3065243417D0146A001D9D7D /* SystemConfiguration.framework in Frameworks */ = {isa = PBXBuildFile; fileRef = 3065243317D0146A001D9D7D /* SystemConfiguration.framework */; };
		3065243617D014A9001D9D7D /* MobileCoreServices.framework in Frameworks */ = {isa = PBXBuildFile; fileRef = 3065243517D014A9001D9D7D /* MobileCoreServices.framework */; };
		307B60A617D5A8E50008EE87 /* round-rating1-150-white.png in Resources */ = {isa = PBXBuildFile; fileRef = 307B609B17D5A8E50008EE87 /* round-rating1-150-white.png */; };
		307B60A717D5A8E50008EE87 /* round-rating15-150-white.png in Resources */ = {isa = PBXBuildFile; fileRef = 307B609C17D5A8E50008EE87 /* round-rating15-150-white.png */; };
		307B60A817D5A8E50008EE87 /* round-rating2-150-white.png in Resources */ = {isa = PBXBuildFile; fileRef = 307B609D17D5A8E50008EE87 /* round-rating2-150-white.png */; };
		307B60A917D5A8E50008EE87 /* round-rating25-150-white.png in Resources */ = {isa = PBXBuildFile; fileRef = 307B609E17D5A8E50008EE87 /* round-rating25-150-white.png */; };
		307B60AA17D5A8E50008EE87 /* round-rating3-150-white.png in Resources */ = {isa = PBXBuildFile; fileRef = 307B609F17D5A8E50008EE87 /* round-rating3-150-white.png */; };
		307B60AB17D5A8E50008EE87 /* round-rating35-150-white.png in Resources */ = {isa = PBXBuildFile; fileRef = 307B60A017D5A8E50008EE87 /* round-rating35-150-white.png */; };
		307B60AC17D5A8E50008EE87 /* round-rating4-150-white.png in Resources */ = {isa = PBXBuildFile; fileRef = 307B60A117D5A8E50008EE87 /* round-rating4-150-white.png */; };
		307B60AD17D5A8E50008EE87 /* round-rating45-150-white.png in Resources */ = {isa = PBXBuildFile; fileRef = 307B60A217D5A8E50008EE87 /* round-rating45-150-white.png */; };
		307B60AE17D5A8E50008EE87 /* round-rating5-150-white.png in Resources */ = {isa = PBXBuildFile; fileRef = 307B60A317D5A8E50008EE87 /* round-rating5-150-white.png */; };
		307B60AF17D5A8E50008EE87 /* round-rating5-special-150-white.png in Resources */ = {isa = PBXBuildFile; fileRef = 307B60A417D5A8E50008EE87 /* round-rating5-special-150-white.png */; };
		307B60B017D5A8E50008EE87 /* round-rating05-150-white.png in Resources */ = {isa = PBXBuildFile; fileRef = 307B60A517D5A8E50008EE87 /* round-rating05-150-white.png */; };
		307B60B117D5A8EC0008EE87 /* round-rating0-150-white.png in Resources */ = {isa = PBXBuildFile; fileRef = 307B609A17D5A80E0008EE87 /* round-rating0-150-white.png */; };
		308D9B9717CBF7CB00951708 /* UIKit.framework in Frameworks */ = {isa = PBXBuildFile; fileRef = 30AA83ED17A9F2F700B6BCE2 /* UIKit.framework */; };
		308D9B9A17CBFAE800951708 /* User.m in Sources */ = {isa = PBXBuildFile; fileRef = 308D9B9917CBFAE800951708 /* User.m */; };
		30AA83EA17A9F2F700B6BCE2 /* Foundation.framework in Frameworks */ = {isa = PBXBuildFile; fileRef = 30AA83E917A9F2F700B6BCE2 /* Foundation.framework */; };
		30AA83EC17A9F2F700B6BCE2 /* CoreGraphics.framework in Frameworks */ = {isa = PBXBuildFile; fileRef = 30AA83EB17A9F2F700B6BCE2 /* CoreGraphics.framework */; };
		30AA83F017A9F2F700B6BCE2 /* CoreData.framework in Frameworks */ = {isa = PBXBuildFile; fileRef = 30AA83EF17A9F2F700B6BCE2 /* CoreData.framework */; };
		30AA83F617A9F2F700B6BCE2 /* InfoPlist.strings in Resources */ = {isa = PBXBuildFile; fileRef = 30AA83F417A9F2F700B6BCE2 /* InfoPlist.strings */; };
		30AA83F817A9F2F700B6BCE2 /* main.m in Sources */ = {isa = PBXBuildFile; fileRef = 30AA83F717A9F2F700B6BCE2 /* main.m */; };
		30AA83FC17A9F2F700B6BCE2 /* AppDelegate.m in Sources */ = {isa = PBXBuildFile; fileRef = 30AA83FB17A9F2F700B6BCE2 /* AppDelegate.m */; };
		30AA83FF17A9F2F700B6BCE2 /* urls_reviewr.xcdatamodeld in Sources */ = {isa = PBXBuildFile; fileRef = 30AA83FD17A9F2F700B6BCE2 /* urls_reviewr.xcdatamodeld */; };
		30AA840117A9F2F700B6BCE2 /* Images.xcassets in Resources */ = {isa = PBXBuildFile; fileRef = 30AA840017A9F2F700B6BCE2 /* Images.xcassets */; };
		30AA840817A9F2F700B6BCE2 /* XCTest.framework in Frameworks */ = {isa = PBXBuildFile; fileRef = 30AA840717A9F2F700B6BCE2 /* XCTest.framework */; };
		30AA840917A9F2F700B6BCE2 /* Foundation.framework in Frameworks */ = {isa = PBXBuildFile; fileRef = 30AA83E917A9F2F700B6BCE2 /* Foundation.framework */; };
		30AA840A17A9F2F700B6BCE2 /* UIKit.framework in Frameworks */ = {isa = PBXBuildFile; fileRef = 30AA83ED17A9F2F700B6BCE2 /* UIKit.framework */; };
		30AA840B17A9F2F700B6BCE2 /* CoreData.framework in Frameworks */ = {isa = PBXBuildFile; fileRef = 30AA83EF17A9F2F700B6BCE2 /* CoreData.framework */; };
		30AA841317A9F2F700B6BCE2 /* InfoPlist.strings in Resources */ = {isa = PBXBuildFile; fileRef = 30AA841117A9F2F700B6BCE2 /* InfoPlist.strings */; };
		30AA841517A9F2F700B6BCE2 /* urls_reviewrTests.m in Sources */ = {isa = PBXBuildFile; fileRef = 30AA841417A9F2F700B6BCE2 /* urls_reviewrTests.m */; };
		30BFEA3E17D142BE00904F17 /* launcher-v2-480.png in Resources */ = {isa = PBXBuildFile; fileRef = 30BFEA3517D142BE00904F17 /* launcher-v2-480.png */; };
		30BFEA3F17D142BE00904F17 /* launcher-v2-960.png in Resources */ = {isa = PBXBuildFile; fileRef = 30BFEA3617D142BE00904F17 /* launcher-v2-960.png */; };
		30BFEA4017D142BE00904F17 /* launcher-v2-1136.png in Resources */ = {isa = PBXBuildFile; fileRef = 30BFEA3717D142BE00904F17 /* launcher-v2-1136.png */; };
		30BFEA4117D142BE00904F17 /* icon-v2-29.png in Resources */ = {isa = PBXBuildFile; fileRef = 30BFEA3817D142BE00904F17 /* icon-v2-29.png */; };
		30BFEA4217D142BE00904F17 /* icon-v2-58.png in Resources */ = {isa = PBXBuildFile; fileRef = 30BFEA3917D142BE00904F17 /* icon-v2-58.png */; };
		30BFEA4317D142BE00904F17 /* icon-v2-80.png in Resources */ = {isa = PBXBuildFile; fileRef = 30BFEA3A17D142BE00904F17 /* icon-v2-80.png */; };
		30BFEA4417D142BE00904F17 /* icon-v2-120.png in Resources */ = {isa = PBXBuildFile; fileRef = 30BFEA3B17D142BE00904F17 /* icon-v2-120.png */; };
		30BFEA4517D142BE00904F17 /* icon-v2-114.png in Resources */ = {isa = PBXBuildFile; fileRef = 30BFEA3C17D142BE00904F17 /* icon-v2-114.png */; };
		30BFEA4617D142BE00904F17 /* icon-v2-1024.png in Resources */ = {isa = PBXBuildFile; fileRef = 30BFEA3D17D142BE00904F17 /* icon-v2-1024.png */; };
		30BFEA4817D1434D00904F17 /* icon-v2-57.png in Resources */ = {isa = PBXBuildFile; fileRef = 30BFEA4717D1434D00904F17 /* icon-v2-57.png */; };
		30BFEA4D17D143FA00904F17 /* background-main-v2-dark-iphone4-blur.png in Resources */ = {isa = PBXBuildFile; fileRef = 30BFEA4917D143FA00904F17 /* background-main-v2-dark-iphone4-blur.png */; };
		30BFEA4E17D143FA00904F17 /* background-main-v2-dark-iphone5-blur.png in Resources */ = {isa = PBXBuildFile; fileRef = 30BFEA4A17D143FA00904F17 /* background-main-v2-dark-iphone5-blur.png */; };
		30BFEA4F17D143FA00904F17 /* background-main-v2-dark-iphone5.png in Resources */ = {isa = PBXBuildFile; fileRef = 30BFEA4B17D143FA00904F17 /* background-main-v2-dark-iphone5.png */; };
		30BFEA5017D143FA00904F17 /* background-main-v2-dark-iphone4.png in Resources */ = {isa = PBXBuildFile; fileRef = 30BFEA4C17D143FA00904F17 /* background-main-v2-dark-iphone4.png */; };
		30BFEA5317D1476000904F17 /* background-main-v2-dark-iphone4-548.png in Resources */ = {isa = PBXBuildFile; fileRef = 30BFEA5117D1476000904F17 /* background-main-v2-dark-iphone4-548.png */; };
		30BFEA5417D1476000904F17 /* background-main-v2-dark-iphone4-568.png in Resources */ = {isa = PBXBuildFile; fileRef = 30BFEA5217D1476000904F17 /* background-main-v2-dark-iphone4-568.png */; };
		30BFEA5617D14A3B00904F17 /* background-purple.png in Resources */ = {isa = PBXBuildFile; fileRef = 30BFEA5517D14A3B00904F17 /* background-purple.png */; };
		30DFA8FC17B1BD0700B729FB /* ReviewCommentCell.m in Sources */ = {isa = PBXBuildFile; fileRef = 30DFA8FB17B1BD0700B729FB /* ReviewCommentCell.m */; };
		30DFA90017B1BD3D00B729FB /* BuildingListViewController.m in Sources */ = {isa = PBXBuildFile; fileRef = 30DFA8FE17B1BD3D00B729FB /* BuildingListViewController.m */; };
		30DFA90117B1BD3D00B729FB /* BuildingListViewController.xib in Resources */ = {isa = PBXBuildFile; fileRef = 30DFA8FF17B1BD3D00B729FB /* BuildingListViewController.xib */; };
		30DFA90517B1BD5900B729FB /* MenuListViewController.m in Sources */ = {isa = PBXBuildFile; fileRef = 30DFA90317B1BD5900B729FB /* MenuListViewController.m */; };
		30DFA90617B1BD5900B729FB /* MenuListViewController.xib in Resources */ = {isa = PBXBuildFile; fileRef = 30DFA90417B1BD5900B729FB /* MenuListViewController.xib */; };
		30DFA90A17B1BD7C00B729FB /* AccountSetupViewController.m in Sources */ = {isa = PBXBuildFile; fileRef = 30DFA90817B1BD7C00B729FB /* AccountSetupViewController.m */; };
		30DFA90B17B1BD7C00B729FB /* AccountSetupViewController.xib in Resources */ = {isa = PBXBuildFile; fileRef = 30DFA90917B1BD7C00B729FB /* AccountSetupViewController.xib */; };
		30DFA90F17B1BE4C00B729FB /* AddRatingViewController.m in Sources */ = {isa = PBXBuildFile; fileRef = 30DFA90D17B1BE4C00B729FB /* AddRatingViewController.m */; };
		30F15E0717D1731E006C60B8 /* round-rating0-150.png in Resources */ = {isa = PBXBuildFile; fileRef = 30F15DFB17D1731E006C60B8 /* round-rating0-150.png */; };
		30F15E0817D1731E006C60B8 /* round-rating05-150.png in Resources */ = {isa = PBXBuildFile; fileRef = 30F15DFC17D1731E006C60B8 /* round-rating05-150.png */; };
		30F15E0917D1731E006C60B8 /* round-rating1-150.png in Resources */ = {isa = PBXBuildFile; fileRef = 30F15DFD17D1731E006C60B8 /* round-rating1-150.png */; };
		30F15E0A17D1731E006C60B8 /* round-rating15-150.png in Resources */ = {isa = PBXBuildFile; fileRef = 30F15DFE17D1731E006C60B8 /* round-rating15-150.png */; };
		30F15E0B17D1731E006C60B8 /* round-rating2-150.png in Resources */ = {isa = PBXBuildFile; fileRef = 30F15DFF17D1731E006C60B8 /* round-rating2-150.png */; };
		30F15E0C17D1731E006C60B8 /* round-rating25-150.png in Resources */ = {isa = PBXBuildFile; fileRef = 30F15E0017D1731E006C60B8 /* round-rating25-150.png */; };
		30F15E0D17D1731E006C60B8 /* round-rating3-150.png in Resources */ = {isa = PBXBuildFile; fileRef = 30F15E0117D1731E006C60B8 /* round-rating3-150.png */; };
		30F15E0E17D1731E006C60B8 /* round-rating35-150.png in Resources */ = {isa = PBXBuildFile; fileRef = 30F15E0217D1731E006C60B8 /* round-rating35-150.png */; };
		30F15E0F17D1731E006C60B8 /* round-rating4-150.png in Resources */ = {isa = PBXBuildFile; fileRef = 30F15E0317D1731E006C60B8 /* round-rating4-150.png */; };
		30F15E1017D1731E006C60B8 /* round-rating45-150.png in Resources */ = {isa = PBXBuildFile; fileRef = 30F15E0417D1731E006C60B8 /* round-rating45-150.png */; };
		30F15E1117D1731E006C60B8 /* round-rating5-150.png in Resources */ = {isa = PBXBuildFile; fileRef = 30F15E0517D1731E006C60B8 /* round-rating5-150.png */; };
		30F15E1217D1731E006C60B8 /* round-rating5-special-150.png in Resources */ = {isa = PBXBuildFile; fileRef = 30F15E0617D1731E006C60B8 /* round-rating5-special-150.png */; };
		30FBDAE517D0E60100872628 /* Security.framework in Frameworks */ = {isa = PBXBuildFile; fileRef = 30FBDAE417D0E60100872628 /* Security.framework */; };
		30FBDAE717D0EE4100872628 /* background-main.png in Resources */ = {isa = PBXBuildFile; fileRef = 30FBDAE617D0EE4100872628 /* background-main.png */; };
		30FBDAE917D0F0D300872628 /* background-main-iphone4.png in Resources */ = {isa = PBXBuildFile; fileRef = 30FBDAE817D0F0D300872628 /* background-main-iphone4.png */; };
		3B610A2717CDDFD7000C94A3 /* url-s-yahoo-main-cafeteria.jpg in Resources */ = {isa = PBXBuildFile; fileRef = 3B610A2617CDDFD7000C94A3 /* url-s-yahoo-main-cafeteria.jpg */; };
		3B9707DA17D3CCB0006FE6E0 /* MenuItemTest.m in Sources */ = {isa = PBXBuildFile; fileRef = 3B9707D917D3CCB0006FE6E0 /* MenuItemTest.m */; };
		3BAFE1AD17C319280025C584 /* MenuItem.m in Sources */ = {isa = PBXBuildFile; fileRef = 3BAFE1AC17C319280025C584 /* MenuItem.m */; };
		3BAFE1B517C342220025C584 /* UrlsClient.m in Sources */ = {isa = PBXBuildFile; fileRef = 3BAFE1B417C342220025C584 /* UrlsClient.m */; };
		3BAFE1B917C3EBC90025C584 /* RestObject.m in Sources */ = {isa = PBXBuildFile; fileRef = 3BAFE1B817C3EBC90025C584 /* RestObject.m */; };
		3BAFE1BC17C3ED6E0025C584 /* Building.m in Sources */ = {isa = PBXBuildFile; fileRef = 3BAFE1BB17C3ED6E0025C584 /* Building.m */; };
		3BAFE1BF17CC5B930025C584 /* Menu.m in Sources */ = {isa = PBXBuildFile; fileRef = 3BAFE1BE17CC5B930025C584 /* Menu.m */; };
		AA305233EB5A4CB9BA233FBB /* libPods.a in Frameworks */ = {isa = PBXBuildFile; fileRef = A22BF362B1754BC6BEC4A9AD /* libPods.a */; };
/* End PBXBuildFile section */

/* Begin PBXContainerItemProxy section */
		30AA840C17A9F2F700B6BCE2 /* PBXContainerItemProxy */ = {
			isa = PBXContainerItemProxy;
			containerPortal = 30AA83DE17A9F2F700B6BCE2 /* Project object */;
			proxyType = 1;
			remoteGlobalIDString = 30AA83E517A9F2F700B6BCE2;
			remoteInfo = urls_reviewr;
		};
/* End PBXContainerItemProxy section */

/* Begin PBXFileReference section */
		301E648617B1B8D700FDCC67 /* ReviewCommentCell.xib */ = {isa = PBXFileReference; fileEncoding = 4; lastKnownFileType = file.xib; path = ReviewCommentCell.xib; sourceTree = "<group>"; };
		301E648817B1BB5E00FDCC67 /* MenuItemCell.xib */ = {isa = PBXFileReference; fileEncoding = 4; lastKnownFileType = file.xib; path = MenuItemCell.xib; sourceTree = "<group>"; };
		3060205417B18BFC003F4B54 /* MenuViewController.h */ = {isa = PBXFileReference; fileEncoding = 4; lastKnownFileType = sourcecode.c.h; path = MenuViewController.h; sourceTree = "<group>"; };
		3060205517B18BFC003F4B54 /* MenuViewController.m */ = {isa = PBXFileReference; fileEncoding = 4; lastKnownFileType = sourcecode.c.objc; path = MenuViewController.m; sourceTree = "<group>"; };
		3060205617B18BFC003F4B54 /* MenuViewController.xib */ = {isa = PBXFileReference; fileEncoding = 4; lastKnownFileType = file.xib; path = MenuViewController.xib; sourceTree = "<group>"; };
		3060205917B18C3E003F4B54 /* MenuItemViewController.h */ = {isa = PBXFileReference; fileEncoding = 4; lastKnownFileType = sourcecode.c.h; path = MenuItemViewController.h; sourceTree = "<group>"; };
		3060205A17B18C3E003F4B54 /* MenuItemViewController.m */ = {isa = PBXFileReference; fileEncoding = 4; lastKnownFileType = sourcecode.c.objc; path = MenuItemViewController.m; sourceTree = "<group>"; };
		3060205B17B18C3E003F4B54 /* MenuItemViewController.xib */ = {isa = PBXFileReference; fileEncoding = 4; lastKnownFileType = file.xib; path = MenuItemViewController.xib; sourceTree = "<group>"; };
		3060205E17B18C77003F4B54 /* MenuItemCell.h */ = {isa = PBXFileReference; fileEncoding = 4; lastKnownFileType = sourcecode.c.h; path = MenuItemCell.h; sourceTree = "<group>"; };
		3060205F17B18C77003F4B54 /* MenuItemCell.m */ = {isa = PBXFileReference; fileEncoding = 4; lastKnownFileType = sourcecode.c.objc; path = MenuItemCell.m; sourceTree = "<group>"; };
		3060206217B19190003F4B54 /* 5stars.png */ = {isa = PBXFileReference; lastKnownFileType = image.png; name = 5stars.png; path = ../../../../../../Desktop/5stars.png; sourceTree = "<group>"; };
		3065242717D00839001D9D7D /* bldg-e-clear-tall.png */ = {isa = PBXFileReference; lastKnownFileType = image.png; path = "bldg-e-clear-tall.png"; sourceTree = "<group>"; };
		3065242817D00839001D9D7D /* bldg-f-clear-tall.png */ = {isa = PBXFileReference; lastKnownFileType = image.png; path = "bldg-f-clear-tall.png"; sourceTree = "<group>"; };
		3065242917D00839001D9D7D /* bldg-g-clear-tall.png */ = {isa = PBXFileReference; lastKnownFileType = image.png; path = "bldg-g-clear-tall.png"; sourceTree = "<group>"; };
		3065242A17D00839001D9D7D /* bldg-urls-clear-tall.png */ = {isa = PBXFileReference; lastKnownFileType = image.png; path = "bldg-urls-clear-tall.png"; sourceTree = "<group>"; };
		3065242B17D00839001D9D7D /* peppers-clear.png */ = {isa = PBXFileReference; lastKnownFileType = image.png; path = "peppers-clear.png"; sourceTree = "<group>"; };
		3065242C17D00839001D9D7D /* url-s-yahoo-main-cafeteria.jpg */ = {isa = PBXFileReference; lastKnownFileType = image.jpeg; path = "url-s-yahoo-main-cafeteria.jpg"; sourceTree = "<group>"; };
		3065243317D0146A001D9D7D /* SystemConfiguration.framework */ = {isa = PBXFileReference; lastKnownFileType = wrapper.framework; name = SystemConfiguration.framework; path = System/Library/Frameworks/SystemConfiguration.framework; sourceTree = SDKROOT; };
		3065243517D014A9001D9D7D /* MobileCoreServices.framework */ = {isa = PBXFileReference; lastKnownFileType = wrapper.framework; name = MobileCoreServices.framework; path = System/Library/Frameworks/MobileCoreServices.framework; sourceTree = SDKROOT; };
		307B609A17D5A80E0008EE87 /* round-rating0-150-white.png */ = {isa = PBXFileReference; lastKnownFileType = image.png; path = "round-rating0-150-white.png"; sourceTree = "<group>"; };
		307B609B17D5A8E50008EE87 /* round-rating1-150-white.png */ = {isa = PBXFileReference; lastKnownFileType = image.png; path = "round-rating1-150-white.png"; sourceTree = "<group>"; };
		307B609C17D5A8E50008EE87 /* round-rating15-150-white.png */ = {isa = PBXFileReference; lastKnownFileType = image.png; path = "round-rating15-150-white.png"; sourceTree = "<group>"; };
		307B609D17D5A8E50008EE87 /* round-rating2-150-white.png */ = {isa = PBXFileReference; lastKnownFileType = image.png; path = "round-rating2-150-white.png"; sourceTree = "<group>"; };
		307B609E17D5A8E50008EE87 /* round-rating25-150-white.png */ = {isa = PBXFileReference; lastKnownFileType = image.png; path = "round-rating25-150-white.png"; sourceTree = "<group>"; };
		307B609F17D5A8E50008EE87 /* round-rating3-150-white.png */ = {isa = PBXFileReference; lastKnownFileType = image.png; path = "round-rating3-150-white.png"; sourceTree = "<group>"; };
		307B60A017D5A8E50008EE87 /* round-rating35-150-white.png */ = {isa = PBXFileReference; lastKnownFileType = image.png; path = "round-rating35-150-white.png"; sourceTree = "<group>"; };
		307B60A117D5A8E50008EE87 /* round-rating4-150-white.png */ = {isa = PBXFileReference; lastKnownFileType = image.png; path = "round-rating4-150-white.png"; sourceTree = "<group>"; };
		307B60A217D5A8E50008EE87 /* round-rating45-150-white.png */ = {isa = PBXFileReference; lastKnownFileType = image.png; path = "round-rating45-150-white.png"; sourceTree = "<group>"; };
		307B60A317D5A8E50008EE87 /* round-rating5-150-white.png */ = {isa = PBXFileReference; lastKnownFileType = image.png; path = "round-rating5-150-white.png"; sourceTree = "<group>"; };
		307B60A417D5A8E50008EE87 /* round-rating5-special-150-white.png */ = {isa = PBXFileReference; lastKnownFileType = image.png; path = "round-rating5-special-150-white.png"; sourceTree = "<group>"; };
		307B60A517D5A8E50008EE87 /* round-rating05-150-white.png */ = {isa = PBXFileReference; lastKnownFileType = image.png; path = "round-rating05-150-white.png"; sourceTree = "<group>"; };
		308D9B9817CBFAE800951708 /* User.h */ = {isa = PBXFileReference; fileEncoding = 4; lastKnownFileType = sourcecode.c.h; path = User.h; sourceTree = "<group>"; };
		308D9B9917CBFAE800951708 /* User.m */ = {isa = PBXFileReference; fileEncoding = 4; lastKnownFileType = sourcecode.c.objc; path = User.m; sourceTree = "<group>"; };
		30AA83E617A9F2F700B6BCE2 /* Cafes.app */ = {isa = PBXFileReference; explicitFileType = wrapper.application; includeInIndex = 0; path = Cafes.app; sourceTree = BUILT_PRODUCTS_DIR; };
		30AA83E917A9F2F700B6BCE2 /* Foundation.framework */ = {isa = PBXFileReference; lastKnownFileType = wrapper.framework; name = Foundation.framework; path = System/Library/Frameworks/Foundation.framework; sourceTree = SDKROOT; };
		30AA83EB17A9F2F700B6BCE2 /* CoreGraphics.framework */ = {isa = PBXFileReference; lastKnownFileType = wrapper.framework; name = CoreGraphics.framework; path = System/Library/Frameworks/CoreGraphics.framework; sourceTree = SDKROOT; };
		30AA83ED17A9F2F700B6BCE2 /* UIKit.framework */ = {isa = PBXFileReference; lastKnownFileType = wrapper.framework; name = UIKit.framework; path = System/Library/Frameworks/UIKit.framework; sourceTree = SDKROOT; };
		30AA83EF17A9F2F700B6BCE2 /* CoreData.framework */ = {isa = PBXFileReference; lastKnownFileType = wrapper.framework; name = CoreData.framework; path = System/Library/Frameworks/CoreData.framework; sourceTree = SDKROOT; };
		30AA83F317A9F2F700B6BCE2 /* urls_reviewr-Info.plist */ = {isa = PBXFileReference; lastKnownFileType = text.plist.xml; path = "urls_reviewr-Info.plist"; sourceTree = "<group>"; };
		30AA83F517A9F2F700B6BCE2 /* en */ = {isa = PBXFileReference; lastKnownFileType = text.plist.strings; name = en; path = en.lproj/InfoPlist.strings; sourceTree = "<group>"; };
		30AA83F717A9F2F700B6BCE2 /* main.m */ = {isa = PBXFileReference; lastKnownFileType = sourcecode.c.objc; path = main.m; sourceTree = "<group>"; };
		30AA83F917A9F2F700B6BCE2 /* urls_reviewr-Prefix.pch */ = {isa = PBXFileReference; lastKnownFileType = sourcecode.c.h; path = "urls_reviewr-Prefix.pch"; sourceTree = "<group>"; };
		30AA83FA17A9F2F700B6BCE2 /* AppDelegate.h */ = {isa = PBXFileReference; lastKnownFileType = sourcecode.c.h; path = AppDelegate.h; sourceTree = "<group>"; };
		30AA83FB17A9F2F700B6BCE2 /* AppDelegate.m */ = {isa = PBXFileReference; lastKnownFileType = sourcecode.c.objc; path = AppDelegate.m; sourceTree = "<group>"; };
		30AA83FE17A9F2F700B6BCE2 /* urls_reviewr.xcdatamodel */ = {isa = PBXFileReference; lastKnownFileType = wrapper.xcdatamodel; path = urls_reviewr.xcdatamodel; sourceTree = "<group>"; };
		30AA840017A9F2F700B6BCE2 /* Images.xcassets */ = {isa = PBXFileReference; lastKnownFileType = folder.assetcatalog; path = Images.xcassets; sourceTree = "<group>"; };
		30AA840617A9F2F700B6BCE2 /* urls_reviewrTests.xctest */ = {isa = PBXFileReference; explicitFileType = wrapper.cfbundle; includeInIndex = 0; path = urls_reviewrTests.xctest; sourceTree = BUILT_PRODUCTS_DIR; };
		30AA840717A9F2F700B6BCE2 /* XCTest.framework */ = {isa = PBXFileReference; lastKnownFileType = wrapper.framework; name = XCTest.framework; path = Library/Frameworks/XCTest.framework; sourceTree = DEVELOPER_DIR; };
		30AA841017A9F2F700B6BCE2 /* urls_reviewrTests-Info.plist */ = {isa = PBXFileReference; lastKnownFileType = text.plist.xml; path = "urls_reviewrTests-Info.plist"; sourceTree = "<group>"; };
		30AA841217A9F2F700B6BCE2 /* en */ = {isa = PBXFileReference; lastKnownFileType = text.plist.strings; name = en; path = en.lproj/InfoPlist.strings; sourceTree = "<group>"; };
		30AA841417A9F2F700B6BCE2 /* urls_reviewrTests.m */ = {isa = PBXFileReference; lastKnownFileType = sourcecode.c.objc; path = urls_reviewrTests.m; sourceTree = "<group>"; };
		30BFEA3517D142BE00904F17 /* launcher-v2-480.png */ = {isa = PBXFileReference; lastKnownFileType = image.png; name = "launcher-v2-480.png"; path = "icons/launcher-v2-480.png"; sourceTree = "<group>"; };
		30BFEA3617D142BE00904F17 /* launcher-v2-960.png */ = {isa = PBXFileReference; lastKnownFileType = image.png; name = "launcher-v2-960.png"; path = "icons/launcher-v2-960.png"; sourceTree = "<group>"; };
		30BFEA3717D142BE00904F17 /* launcher-v2-1136.png */ = {isa = PBXFileReference; lastKnownFileType = image.png; name = "launcher-v2-1136.png"; path = "icons/launcher-v2-1136.png"; sourceTree = "<group>"; };
		30BFEA3817D142BE00904F17 /* icon-v2-29.png */ = {isa = PBXFileReference; lastKnownFileType = image.png; name = "icon-v2-29.png"; path = "icons/icon-v2-29.png"; sourceTree = "<group>"; };
		30BFEA3917D142BE00904F17 /* icon-v2-58.png */ = {isa = PBXFileReference; lastKnownFileType = image.png; name = "icon-v2-58.png"; path = "icons/icon-v2-58.png"; sourceTree = "<group>"; };
		30BFEA3A17D142BE00904F17 /* icon-v2-80.png */ = {isa = PBXFileReference; lastKnownFileType = image.png; name = "icon-v2-80.png"; path = "icons/icon-v2-80.png"; sourceTree = "<group>"; };
		30BFEA3B17D142BE00904F17 /* icon-v2-120.png */ = {isa = PBXFileReference; lastKnownFileType = image.png; name = "icon-v2-120.png"; path = "icons/icon-v2-120.png"; sourceTree = "<group>"; };
		30BFEA3C17D142BE00904F17 /* icon-v2-114.png */ = {isa = PBXFileReference; lastKnownFileType = image.png; name = "icon-v2-114.png"; path = "icons/icon-v2-114.png"; sourceTree = "<group>"; };
		30BFEA3D17D142BE00904F17 /* icon-v2-1024.png */ = {isa = PBXFileReference; lastKnownFileType = image.png; name = "icon-v2-1024.png"; path = "icons/icon-v2-1024.png"; sourceTree = "<group>"; };
		30BFEA4717D1434D00904F17 /* icon-v2-57.png */ = {isa = PBXFileReference; lastKnownFileType = image.png; name = "icon-v2-57.png"; path = "icons/icon-v2-57.png"; sourceTree = "<group>"; };
		30BFEA4917D143FA00904F17 /* background-main-v2-dark-iphone4-blur.png */ = {isa = PBXFileReference; lastKnownFileType = image.png; path = "background-main-v2-dark-iphone4-blur.png"; sourceTree = "<group>"; };
		30BFEA4A17D143FA00904F17 /* background-main-v2-dark-iphone5-blur.png */ = {isa = PBXFileReference; lastKnownFileType = image.png; path = "background-main-v2-dark-iphone5-blur.png"; sourceTree = "<group>"; };
		30BFEA4B17D143FA00904F17 /* background-main-v2-dark-iphone5.png */ = {isa = PBXFileReference; lastKnownFileType = image.png; path = "background-main-v2-dark-iphone5.png"; sourceTree = "<group>"; };
		30BFEA4C17D143FA00904F17 /* background-main-v2-dark-iphone4.png */ = {isa = PBXFileReference; lastKnownFileType = image.png; path = "background-main-v2-dark-iphone4.png"; sourceTree = "<group>"; };
		30BFEA5117D1476000904F17 /* background-main-v2-dark-iphone4-548.png */ = {isa = PBXFileReference; lastKnownFileType = image.png; path = "background-main-v2-dark-iphone4-548.png"; sourceTree = "<group>"; };
		30BFEA5217D1476000904F17 /* background-main-v2-dark-iphone4-568.png */ = {isa = PBXFileReference; lastKnownFileType = image.png; path = "background-main-v2-dark-iphone4-568.png"; sourceTree = "<group>"; };
		30BFEA5517D14A3B00904F17 /* background-purple.png */ = {isa = PBXFileReference; lastKnownFileType = image.png; path = "background-purple.png"; sourceTree = "<group>"; };
		30DFA8FA17B1BD0700B729FB /* ReviewCommentCell.h */ = {isa = PBXFileReference; fileEncoding = 4; lastKnownFileType = sourcecode.c.h; path = ReviewCommentCell.h; sourceTree = "<group>"; };
		30DFA8FB17B1BD0700B729FB /* ReviewCommentCell.m */ = {isa = PBXFileReference; fileEncoding = 4; lastKnownFileType = sourcecode.c.objc; path = ReviewCommentCell.m; sourceTree = "<group>"; };
		30DFA8FD17B1BD3D00B729FB /* BuildingListViewController.h */ = {isa = PBXFileReference; fileEncoding = 4; lastKnownFileType = sourcecode.c.h; path = BuildingListViewController.h; sourceTree = "<group>"; };
		30DFA8FE17B1BD3D00B729FB /* BuildingListViewController.m */ = {isa = PBXFileReference; fileEncoding = 4; lastKnownFileType = sourcecode.c.objc; path = BuildingListViewController.m; sourceTree = "<group>"; };
		30DFA8FF17B1BD3D00B729FB /* BuildingListViewController.xib */ = {isa = PBXFileReference; fileEncoding = 4; lastKnownFileType = file.xib; path = BuildingListViewController.xib; sourceTree = "<group>"; };
		30DFA90217B1BD5900B729FB /* MenuListViewController.h */ = {isa = PBXFileReference; fileEncoding = 4; lastKnownFileType = sourcecode.c.h; path = MenuListViewController.h; sourceTree = "<group>"; };
		30DFA90317B1BD5900B729FB /* MenuListViewController.m */ = {isa = PBXFileReference; fileEncoding = 4; lastKnownFileType = sourcecode.c.objc; path = MenuListViewController.m; sourceTree = "<group>"; };
		30DFA90417B1BD5900B729FB /* MenuListViewController.xib */ = {isa = PBXFileReference; fileEncoding = 4; lastKnownFileType = file.xib; path = MenuListViewController.xib; sourceTree = "<group>"; };
		30DFA90717B1BD7C00B729FB /* AccountSetupViewController.h */ = {isa = PBXFileReference; fileEncoding = 4; lastKnownFileType = sourcecode.c.h; path = AccountSetupViewController.h; sourceTree = "<group>"; };
		30DFA90817B1BD7C00B729FB /* AccountSetupViewController.m */ = {isa = PBXFileReference; fileEncoding = 4; lastKnownFileType = sourcecode.c.objc; path = AccountSetupViewController.m; sourceTree = "<group>"; };
		30DFA90917B1BD7C00B729FB /* AccountSetupViewController.xib */ = {isa = PBXFileReference; fileEncoding = 4; lastKnownFileType = file.xib; path = AccountSetupViewController.xib; sourceTree = "<group>"; };
		30DFA90C17B1BE4C00B729FB /* AddRatingViewController.h */ = {isa = PBXFileReference; fileEncoding = 4; lastKnownFileType = sourcecode.c.h; path = AddRatingViewController.h; sourceTree = "<group>"; };
		30DFA90D17B1BE4C00B729FB /* AddRatingViewController.m */ = {isa = PBXFileReference; fileEncoding = 4; lastKnownFileType = sourcecode.c.objc; path = AddRatingViewController.m; sourceTree = "<group>"; };
		30DFA90E17B1BE4C00B729FB /* AddRatingViewController.xib */ = {isa = PBXFileReference; fileEncoding = 4; lastKnownFileType = file.xib; path = AddRatingViewController.xib; sourceTree = "<group>"; };
		30DFA91117B1BE7800B729FB /* 3-5-stars.png */ = {isa = PBXFileReference; lastKnownFileType = image.png; name = "3-5-stars.png"; path = "../../../../../../Desktop/3-5-stars.png"; sourceTree = "<group>"; };
		30F15DFB17D1731E006C60B8 /* round-rating0-150.png */ = {isa = PBXFileReference; lastKnownFileType = image.png; path = "round-rating0-150.png"; sourceTree = "<group>"; };
		30F15DFC17D1731E006C60B8 /* round-rating05-150.png */ = {isa = PBXFileReference; lastKnownFileType = image.png; path = "round-rating05-150.png"; sourceTree = "<group>"; };
		30F15DFD17D1731E006C60B8 /* round-rating1-150.png */ = {isa = PBXFileReference; lastKnownFileType = image.png; path = "round-rating1-150.png"; sourceTree = "<group>"; };
		30F15DFE17D1731E006C60B8 /* round-rating15-150.png */ = {isa = PBXFileReference; lastKnownFileType = image.png; path = "round-rating15-150.png"; sourceTree = "<group>"; };
		30F15DFF17D1731E006C60B8 /* round-rating2-150.png */ = {isa = PBXFileReference; lastKnownFileType = image.png; path = "round-rating2-150.png"; sourceTree = "<group>"; };
		30F15E0017D1731E006C60B8 /* round-rating25-150.png */ = {isa = PBXFileReference; lastKnownFileType = image.png; path = "round-rating25-150.png"; sourceTree = "<group>"; };
		30F15E0117D1731E006C60B8 /* round-rating3-150.png */ = {isa = PBXFileReference; lastKnownFileType = image.png; path = "round-rating3-150.png"; sourceTree = "<group>"; };
		30F15E0217D1731E006C60B8 /* round-rating35-150.png */ = {isa = PBXFileReference; lastKnownFileType = image.png; path = "round-rating35-150.png"; sourceTree = "<group>"; };
		30F15E0317D1731E006C60B8 /* round-rating4-150.png */ = {isa = PBXFileReference; lastKnownFileType = image.png; path = "round-rating4-150.png"; sourceTree = "<group>"; };
		30F15E0417D1731E006C60B8 /* round-rating45-150.png */ = {isa = PBXFileReference; lastKnownFileType = image.png; path = "round-rating45-150.png"; sourceTree = "<group>"; };
		30F15E0517D1731E006C60B8 /* round-rating5-150.png */ = {isa = PBXFileReference; lastKnownFileType = image.png; path = "round-rating5-150.png"; sourceTree = "<group>"; };
		30F15E0617D1731E006C60B8 /* round-rating5-special-150.png */ = {isa = PBXFileReference; lastKnownFileType = image.png; path = "round-rating5-special-150.png"; sourceTree = "<group>"; };
		30FBDAE417D0E60100872628 /* Security.framework */ = {isa = PBXFileReference; lastKnownFileType = wrapper.framework; name = Security.framework; path = System/Library/Frameworks/Security.framework; sourceTree = SDKROOT; };
		30FBDAE617D0EE4100872628 /* background-main.png */ = {isa = PBXFileReference; lastKnownFileType = image.png; path = "background-main.png"; sourceTree = "<group>"; };
		30FBDAE817D0F0D300872628 /* background-main-iphone4.png */ = {isa = PBXFileReference; lastKnownFileType = image.png; path = "background-main-iphone4.png"; sourceTree = "<group>"; };
		3B610A2617CDDFD7000C94A3 /* url-s-yahoo-main-cafeteria.jpg */ = {isa = PBXFileReference; lastKnownFileType = image.jpeg; name = "url-s-yahoo-main-cafeteria.jpg"; path = "Images.xcassets/url-s-yahoo-main-cafeteria.jpg"; sourceTree = "<group>"; };
		3B9707D917D3CCB0006FE6E0 /* MenuItemTest.m */ = {isa = PBXFileReference; fileEncoding = 4; lastKnownFileType = sourcecode.c.objc; path = MenuItemTest.m; sourceTree = "<group>"; };
		3BAFE1AB17C319280025C584 /* MenuItem.h */ = {isa = PBXFileReference; fileEncoding = 4; lastKnownFileType = sourcecode.c.h; path = MenuItem.h; sourceTree = "<group>"; };
		3BAFE1AC17C319280025C584 /* MenuItem.m */ = {isa = PBXFileReference; fileEncoding = 4; lastKnownFileType = sourcecode.c.objc; path = MenuItem.m; sourceTree = "<group>"; };
		3BAFE1B317C342220025C584 /* UrlsClient.h */ = {isa = PBXFileReference; fileEncoding = 4; lastKnownFileType = sourcecode.c.h; path = UrlsClient.h; sourceTree = "<group>"; };
		3BAFE1B417C342220025C584 /* UrlsClient.m */ = {isa = PBXFileReference; fileEncoding = 4; lastKnownFileType = sourcecode.c.objc; path = UrlsClient.m; sourceTree = "<group>"; };
		3BAFE1B717C3EBC90025C584 /* RestObject.h */ = {isa = PBXFileReference; fileEncoding = 4; lastKnownFileType = sourcecode.c.h; path = RestObject.h; sourceTree = "<group>"; };
		3BAFE1B817C3EBC90025C584 /* RestObject.m */ = {isa = PBXFileReference; fileEncoding = 4; lastKnownFileType = sourcecode.c.objc; path = RestObject.m; sourceTree = "<group>"; };
		3BAFE1BA17C3ED6E0025C584 /* Building.h */ = {isa = PBXFileReference; fileEncoding = 4; lastKnownFileType = sourcecode.c.h; path = Building.h; sourceTree = "<group>"; };
		3BAFE1BB17C3ED6E0025C584 /* Building.m */ = {isa = PBXFileReference; fileEncoding = 4; lastKnownFileType = sourcecode.c.objc; path = Building.m; sourceTree = "<group>"; };
		3BAFE1BD17CC5B930025C584 /* Menu.h */ = {isa = PBXFileReference; fileEncoding = 4; lastKnownFileType = sourcecode.c.h; path = Menu.h; sourceTree = "<group>"; };
		3BAFE1BE17CC5B930025C584 /* Menu.m */ = {isa = PBXFileReference; fileEncoding = 4; lastKnownFileType = sourcecode.c.objc; path = Menu.m; sourceTree = "<group>"; };
		84F7E0C29B304F06B486C4C8 /* Pods.xcconfig */ = {isa = PBXFileReference; includeInIndex = 1; lastKnownFileType = text.xcconfig; name = Pods.xcconfig; path = Pods/Pods.xcconfig; sourceTree = SOURCE_ROOT; };
		A22BF362B1754BC6BEC4A9AD /* libPods.a */ = {isa = PBXFileReference; explicitFileType = archive.ar; includeInIndex = 0; path = libPods.a; sourceTree = BUILT_PRODUCTS_DIR; };
/* End PBXFileReference section */

/* Begin PBXFrameworksBuildPhase section */
		30AA83E317A9F2F700B6BCE2 /* Frameworks */ = {
			isa = PBXFrameworksBuildPhase;
			buildActionMask = 2147483647;
			files = (
				30FBDAE517D0E60100872628 /* Security.framework in Frameworks */,
				3065243617D014A9001D9D7D /* MobileCoreServices.framework in Frameworks */,
				3065243417D0146A001D9D7D /* SystemConfiguration.framework in Frameworks */,
				308D9B9717CBF7CB00951708 /* UIKit.framework in Frameworks */,
				30AA83EC17A9F2F700B6BCE2 /* CoreGraphics.framework in Frameworks */,
				30AA83F017A9F2F700B6BCE2 /* CoreData.framework in Frameworks */,
				30AA83EA17A9F2F700B6BCE2 /* Foundation.framework in Frameworks */,
				AA305233EB5A4CB9BA233FBB /* libPods.a in Frameworks */,
			);
			runOnlyForDeploymentPostprocessing = 0;
		};
		30AA840317A9F2F700B6BCE2 /* Frameworks */ = {
			isa = PBXFrameworksBuildPhase;
			buildActionMask = 2147483647;
			files = (
				30AA840817A9F2F700B6BCE2 /* XCTest.framework in Frameworks */,
				30AA840B17A9F2F700B6BCE2 /* CoreData.framework in Frameworks */,
				30AA840A17A9F2F700B6BCE2 /* UIKit.framework in Frameworks */,
				30AA840917A9F2F700B6BCE2 /* Foundation.framework in Frameworks */,
			);
			runOnlyForDeploymentPostprocessing = 0;
		};
/* End PBXFrameworksBuildPhase section */

/* Begin PBXGroup section */
		303E976117CCF4BA00D63688 /* Cell Views */ = {
			isa = PBXGroup;
			children = (
				30DFA8FA17B1BD0700B729FB /* ReviewCommentCell.h */,
				30DFA8FB17B1BD0700B729FB /* ReviewCommentCell.m */,
				301E648617B1B8D700FDCC67 /* ReviewCommentCell.xib */,
				3060205E17B18C77003F4B54 /* MenuItemCell.h */,
				3060205F17B18C77003F4B54 /* MenuItemCell.m */,
				301E648817B1BB5E00FDCC67 /* MenuItemCell.xib */,
			);
			name = "Cell Views";
			sourceTree = "<group>";
		};
		303E976217CCF4C900D63688 /* View Controllers */ = {
			isa = PBXGroup;
			children = (
				30DFA90717B1BD7C00B729FB /* AccountSetupViewController.h */,
				30DFA90817B1BD7C00B729FB /* AccountSetupViewController.m */,
				30DFA90917B1BD7C00B729FB /* AccountSetupViewController.xib */,
				30DFA90C17B1BE4C00B729FB /* AddRatingViewController.h */,
				30DFA90D17B1BE4C00B729FB /* AddRatingViewController.m */,
				30DFA90E17B1BE4C00B729FB /* AddRatingViewController.xib */,
				30DFA8FD17B1BD3D00B729FB /* BuildingListViewController.h */,
				30DFA8FE17B1BD3D00B729FB /* BuildingListViewController.m */,
				30DFA8FF17B1BD3D00B729FB /* BuildingListViewController.xib */,
				30DFA90217B1BD5900B729FB /* MenuListViewController.h */,
				30DFA90317B1BD5900B729FB /* MenuListViewController.m */,
				30DFA90417B1BD5900B729FB /* MenuListViewController.xib */,
				3060205417B18BFC003F4B54 /* MenuViewController.h */,
				3060205517B18BFC003F4B54 /* MenuViewController.m */,
				3060205617B18BFC003F4B54 /* MenuViewController.xib */,
				3060205917B18C3E003F4B54 /* MenuItemViewController.h */,
				3060205A17B18C3E003F4B54 /* MenuItemViewController.m */,
				3060205B17B18C3E003F4B54 /* MenuItemViewController.xib */,
			);
			name = "View Controllers";
			sourceTree = "<group>";
		};
		3065242617D00839001D9D7D /* Background Images */ = {
			isa = PBXGroup;
			children = (
				30BFEA5517D14A3B00904F17 /* background-purple.png */,
				30BFEA5117D1476000904F17 /* background-main-v2-dark-iphone4-548.png */,
				30BFEA5217D1476000904F17 /* background-main-v2-dark-iphone4-568.png */,
				30BFEA4917D143FA00904F17 /* background-main-v2-dark-iphone4-blur.png */,
				30BFEA4A17D143FA00904F17 /* background-main-v2-dark-iphone5-blur.png */,
				30BFEA4B17D143FA00904F17 /* background-main-v2-dark-iphone5.png */,
				30BFEA4C17D143FA00904F17 /* background-main-v2-dark-iphone4.png */,
				30FBDAE817D0F0D300872628 /* background-main-iphone4.png */,
				30FBDAE617D0EE4100872628 /* background-main.png */,
				3065242717D00839001D9D7D /* bldg-e-clear-tall.png */,
				3065242817D00839001D9D7D /* bldg-f-clear-tall.png */,
				3065242917D00839001D9D7D /* bldg-g-clear-tall.png */,
				3065242A17D00839001D9D7D /* bldg-urls-clear-tall.png */,
				3065242B17D00839001D9D7D /* peppers-clear.png */,
				3065242C17D00839001D9D7D /* url-s-yahoo-main-cafeteria.jpg */,
			);
			path = "Background Images";
			sourceTree = "<group>";
		};
		3067B57F17CFBDFD004AECFD /* images */ = {
			isa = PBXGroup;
			children = (
				30F15DFA17D1731E006C60B8 /* Rating Assets */,
				3065242617D00839001D9D7D /* Background Images */,
				3067B59217CFC6C7004AECFD /* App Icons */,
			);
			path = images;
			sourceTree = "<group>";
		};
		3067B59217CFC6C7004AECFD /* App Icons */ = {
			isa = PBXGroup;
			children = (
				30BFEA4717D1434D00904F17 /* icon-v2-57.png */,
				30BFEA3517D142BE00904F17 /* launcher-v2-480.png */,
				30BFEA3617D142BE00904F17 /* launcher-v2-960.png */,
				30BFEA3717D142BE00904F17 /* launcher-v2-1136.png */,
				30BFEA3817D142BE00904F17 /* icon-v2-29.png */,
				30BFEA3917D142BE00904F17 /* icon-v2-58.png */,
				30BFEA3A17D142BE00904F17 /* icon-v2-80.png */,
				30BFEA3B17D142BE00904F17 /* icon-v2-120.png */,
				30BFEA3C17D142BE00904F17 /* icon-v2-114.png */,
				30BFEA3D17D142BE00904F17 /* icon-v2-1024.png */,
			);
			name = "App Icons";
			sourceTree = "<group>";
		};
		30AA83DD17A9F2F700B6BCE2 = {
			isa = PBXGroup;
			children = (
				3067B57F17CFBDFD004AECFD /* images */,
				30AA83F117A9F2F700B6BCE2 /* urls_reviewr */,
				30AA840E17A9F2F700B6BCE2 /* urls_reviewrTests */,
				30AA83E817A9F2F700B6BCE2 /* Frameworks */,
				30AA83E717A9F2F700B6BCE2 /* Products */,
				84F7E0C29B304F06B486C4C8 /* Pods.xcconfig */,
			);
			sourceTree = "<group>";
		};
		30AA83E717A9F2F700B6BCE2 /* Products */ = {
			isa = PBXGroup;
			children = (
				30AA83E617A9F2F700B6BCE2 /* Cafes.app */,
				30AA840617A9F2F700B6BCE2 /* urls_reviewrTests.xctest */,
			);
			name = Products;
			sourceTree = "<group>";
		};
		30AA83E817A9F2F700B6BCE2 /* Frameworks */ = {
			isa = PBXGroup;
			children = (
				30FBDAE417D0E60100872628 /* Security.framework */,
				3065243517D014A9001D9D7D /* MobileCoreServices.framework */,
				3065243317D0146A001D9D7D /* SystemConfiguration.framework */,
				30AA83E917A9F2F700B6BCE2 /* Foundation.framework */,
				30AA83EB17A9F2F700B6BCE2 /* CoreGraphics.framework */,
				30AA83ED17A9F2F700B6BCE2 /* UIKit.framework */,
				30AA83EF17A9F2F700B6BCE2 /* CoreData.framework */,
				30AA840717A9F2F700B6BCE2 /* XCTest.framework */,
				A22BF362B1754BC6BEC4A9AD /* libPods.a */,
			);
			name = Frameworks;
			sourceTree = "<group>";
		};
		30AA83F117A9F2F700B6BCE2 /* urls_reviewr */ = {
			isa = PBXGroup;
			children = (
				3BAFE1B217C3410A0025C584 /* API */,
				3BAFE1B617C3EB000025C584 /* Models */,
				303E976217CCF4C900D63688 /* View Controllers */,
				303E976117CCF4BA00D63688 /* Cell Views */,
				30AA83FA17A9F2F700B6BCE2 /* AppDelegate.h */,
				30AA83FB17A9F2F700B6BCE2 /* AppDelegate.m */,
				30AA83F217A9F2F700B6BCE2 /* Supporting Files */,
				30AA840017A9F2F700B6BCE2 /* Images.xcassets */,
				30AA83FD17A9F2F700B6BCE2 /* urls_reviewr.xcdatamodeld */,
			);
			path = urls_reviewr;
			sourceTree = "<group>";
		};
		30AA83F217A9F2F700B6BCE2 /* Supporting Files */ = {
			isa = PBXGroup;
			children = (
				3B610A2617CDDFD7000C94A3 /* url-s-yahoo-main-cafeteria.jpg */,
				30DFA91117B1BE7800B729FB /* 3-5-stars.png */,
				3060206217B19190003F4B54 /* 5stars.png */,
				30AA83F317A9F2F700B6BCE2 /* urls_reviewr-Info.plist */,
				30AA83F417A9F2F700B6BCE2 /* InfoPlist.strings */,
				30AA83F717A9F2F700B6BCE2 /* main.m */,
				30AA83F917A9F2F700B6BCE2 /* urls_reviewr-Prefix.pch */,
			);
			name = "Supporting Files";
			sourceTree = "<group>";
		};
		30AA840E17A9F2F700B6BCE2 /* urls_reviewrTests */ = {
			isa = PBXGroup;
			children = (
				30AA841417A9F2F700B6BCE2 /* urls_reviewrTests.m */,
				30AA840F17A9F2F700B6BCE2 /* Supporting Files */,
				3B9707D917D3CCB0006FE6E0 /* MenuItemTest.m */,
			);
			path = urls_reviewrTests;
			sourceTree = "<group>";
		};
		30AA840F17A9F2F700B6BCE2 /* Supporting Files */ = {
			isa = PBXGroup;
			children = (
				30AA841017A9F2F700B6BCE2 /* urls_reviewrTests-Info.plist */,
				30AA841117A9F2F700B6BCE2 /* InfoPlist.strings */,
			);
			name = "Supporting Files";
			sourceTree = "<group>";
		};
		30F15DFA17D1731E006C60B8 /* Rating Assets */ = {
			isa = PBXGroup;
			children = (
				307B609B17D5A8E50008EE87 /* round-rating1-150-white.png */,
				307B609C17D5A8E50008EE87 /* round-rating15-150-white.png */,
				307B609D17D5A8E50008EE87 /* round-rating2-150-white.png */,
				307B609E17D5A8E50008EE87 /* round-rating25-150-white.png */,
				307B609F17D5A8E50008EE87 /* round-rating3-150-white.png */,
				307B60A017D5A8E50008EE87 /* round-rating35-150-white.png */,
				307B60A117D5A8E50008EE87 /* round-rating4-150-white.png */,
				307B60A217D5A8E50008EE87 /* round-rating45-150-white.png */,
				307B60A317D5A8E50008EE87 /* round-rating5-150-white.png */,
				307B60A417D5A8E50008EE87 /* round-rating5-special-150-white.png */,
				307B60A517D5A8E50008EE87 /* round-rating05-150-white.png */,
				307B609A17D5A80E0008EE87 /* round-rating0-150-white.png */,
				30F15DFB17D1731E006C60B8 /* round-rating0-150.png */,
				30F15DFC17D1731E006C60B8 /* round-rating05-150.png */,
				30F15DFD17D1731E006C60B8 /* round-rating1-150.png */,
				30F15DFE17D1731E006C60B8 /* round-rating15-150.png */,
				30F15DFF17D1731E006C60B8 /* round-rating2-150.png */,
				30F15E0017D1731E006C60B8 /* round-rating25-150.png */,
				30F15E0117D1731E006C60B8 /* round-rating3-150.png */,
				30F15E0217D1731E006C60B8 /* round-rating35-150.png */,
				30F15E0317D1731E006C60B8 /* round-rating4-150.png */,
				30F15E0417D1731E006C60B8 /* round-rating45-150.png */,
				30F15E0517D1731E006C60B8 /* round-rating5-150.png */,
				30F15E0617D1731E006C60B8 /* round-rating5-special-150.png */,
			);
			path = "Rating Assets";
			sourceTree = "<group>";
		};
		3BAFE1B217C3410A0025C584 /* API */ = {
			isa = PBXGroup;
			children = (
				3BAFE1B317C342220025C584 /* UrlsClient.h */,
				3BAFE1B417C342220025C584 /* UrlsClient.m */,
			);
			name = API;
			sourceTree = "<group>";
		};
		3BAFE1B617C3EB000025C584 /* Models */ = {
			isa = PBXGroup;
			children = (
				3BAFE1B717C3EBC90025C584 /* RestObject.h */,
				3BAFE1B817C3EBC90025C584 /* RestObject.m */,
				3BAFE1AB17C319280025C584 /* MenuItem.h */,
				3BAFE1AC17C319280025C584 /* MenuItem.m */,
				3BAFE1BA17C3ED6E0025C584 /* Building.h */,
				3BAFE1BB17C3ED6E0025C584 /* Building.m */,
				308D9B9817CBFAE800951708 /* User.h */,
				308D9B9917CBFAE800951708 /* User.m */,
				3BAFE1BD17CC5B930025C584 /* Menu.h */,
				3BAFE1BE17CC5B930025C584 /* Menu.m */,
			);
			name = Models;
			sourceTree = "<group>";
		};
/* End PBXGroup section */

/* Begin PBXNativeTarget section */
		30AA83E517A9F2F700B6BCE2 /* urls_reviewr */ = {
			isa = PBXNativeTarget;
			buildConfigurationList = 30AA841817A9F2F700B6BCE2 /* Build configuration list for PBXNativeTarget "urls_reviewr" */;
			buildPhases = (
				7085669EE59846CEA5A3DB5C /* Check Pods Manifest.lock */,
				30AA83E217A9F2F700B6BCE2 /* Sources */,
				30AA83E317A9F2F700B6BCE2 /* Frameworks */,
				30AA83E417A9F2F700B6BCE2 /* Resources */,
				4319E58850D1443F805A6AA1 /* Copy Pods Resources */,
			);
			buildRules = (
			);
			dependencies = (
			);
			name = urls_reviewr;
			productName = urls_reviewr;
			productReference = 30AA83E617A9F2F700B6BCE2 /* Cafes.app */;
			productType = "com.apple.product-type.application";
		};
		30AA840517A9F2F700B6BCE2 /* urls_reviewrTests */ = {
			isa = PBXNativeTarget;
			buildConfigurationList = 30AA841B17A9F2F700B6BCE2 /* Build configuration list for PBXNativeTarget "urls_reviewrTests" */;
			buildPhases = (
				30AA840217A9F2F700B6BCE2 /* Sources */,
				30AA840317A9F2F700B6BCE2 /* Frameworks */,
				30AA840417A9F2F700B6BCE2 /* Resources */,
			);
			buildRules = (
			);
			dependencies = (
				30AA840D17A9F2F700B6BCE2 /* PBXTargetDependency */,
			);
			name = urls_reviewrTests;
			productName = urls_reviewrTests;
			productReference = 30AA840617A9F2F700B6BCE2 /* urls_reviewrTests.xctest */;
			productType = "com.apple.product-type.bundle.unit-test";
		};
/* End PBXNativeTarget section */

/* Begin PBXProject section */
		30AA83DE17A9F2F700B6BCE2 /* Project object */ = {
			isa = PBXProject;
			attributes = {
				LastUpgradeCheck = 0500;
				ORGANIZATIONNAME = "Yahoo! Inc.";
				TargetAttributes = {
					30AA83E517A9F2F700B6BCE2 = {
						DevelopmentTeam = 2ARNJY38FW;
					};
					30AA840517A9F2F700B6BCE2 = {
						TestTargetID = 30AA83E517A9F2F700B6BCE2;
					};
				};
			};
			buildConfigurationList = 30AA83E117A9F2F700B6BCE2 /* Build configuration list for PBXProject "urls_reviewr" */;
			compatibilityVersion = "Xcode 3.2";
			developmentRegion = English;
			hasScannedForEncodings = 0;
			knownRegions = (
				en,
			);
			mainGroup = 30AA83DD17A9F2F700B6BCE2;
			productRefGroup = 30AA83E717A9F2F700B6BCE2 /* Products */;
			projectDirPath = "";
			projectRoot = "";
			targets = (
				30AA83E517A9F2F700B6BCE2 /* urls_reviewr */,
				30AA840517A9F2F700B6BCE2 /* urls_reviewrTests */,
			);
		};
/* End PBXProject section */

/* Begin PBXResourcesBuildPhase section */
		30AA83E417A9F2F700B6BCE2 /* Resources */ = {
			isa = PBXResourcesBuildPhase;
			buildActionMask = 2147483647;
			files = (
				30F15E1217D1731E006C60B8 /* round-rating5-special-150.png in Resources */,
				307B60A917D5A8E50008EE87 /* round-rating25-150-white.png in Resources */,
				307B60AB17D5A8E50008EE87 /* round-rating35-150-white.png in Resources */,
				30AA83F617A9F2F700B6BCE2 /* InfoPlist.strings in Resources */,
				30F15E0F17D1731E006C60B8 /* round-rating4-150.png in Resources */,
				307B60AE17D5A8E50008EE87 /* round-rating5-150-white.png in Resources */,
				3060205817B18BFC003F4B54 /* MenuViewController.xib in Resources */,
				30BFEA4017D142BE00904F17 /* launcher-v2-1136.png in Resources */,
				30F15E1117D1731E006C60B8 /* round-rating5-150.png in Resources */,
				30BFEA3E17D142BE00904F17 /* launcher-v2-480.png in Resources */,
				30F15E1017D1731E006C60B8 /* round-rating45-150.png in Resources */,
				30DFA90117B1BD3D00B729FB /* BuildingListViewController.xib in Resources */,
				30BFEA4D17D143FA00904F17 /* background-main-v2-dark-iphone4-blur.png in Resources */,
				3065243117D00839001D9D7D /* peppers-clear.png in Resources */,
				307B60AA17D5A8E50008EE87 /* round-rating3-150-white.png in Resources */,
				30FBDAE917D0F0D300872628 /* background-main-iphone4.png in Resources */,
				30BFEA3F17D142BE00904F17 /* launcher-v2-960.png in Resources */,
				30FBDAE717D0EE4100872628 /* background-main.png in Resources */,
				30BFEA4E17D143FA00904F17 /* background-main-v2-dark-iphone5-blur.png in Resources */,
				307B60B017D5A8E50008EE87 /* round-rating05-150-white.png in Resources */,
				307B60AC17D5A8E50008EE87 /* round-rating4-150-white.png in Resources */,
				30BFEA5017D143FA00904F17 /* background-main-v2-dark-iphone4.png in Resources */,
				30BFEA4417D142BE00904F17 /* icon-v2-120.png in Resources */,
				30BFEA4517D142BE00904F17 /* icon-v2-114.png in Resources */,
				30DFA90617B1BD5900B729FB /* MenuListViewController.xib in Resources */,
				3065243217D00839001D9D7D /* url-s-yahoo-main-cafeteria.jpg in Resources */,
				3065243017D00839001D9D7D /* bldg-urls-clear-tall.png in Resources */,
				30F15E0E17D1731E006C60B8 /* round-rating35-150.png in Resources */,
				30F15E0917D1731E006C60B8 /* round-rating1-150.png in Resources */,
				30DFA90B17B1BD7C00B729FB /* AccountSetupViewController.xib in Resources */,
				3B610A2717CDDFD7000C94A3 /* url-s-yahoo-main-cafeteria.jpg in Resources */,
				3049EE0517D63764005A9918 /* 3-5-stars.png in Resources */,
				30BFEA4617D142BE00904F17 /* icon-v2-1024.png in Resources */,
				30F15E0D17D1731E006C60B8 /* round-rating3-150.png in Resources */,
				307B60A817D5A8E50008EE87 /* round-rating2-150-white.png in Resources */,
				3065242F17D00839001D9D7D /* bldg-g-clear-tall.png in Resources */,
				3065242D17D00839001D9D7D /* bldg-e-clear-tall.png in Resources */,
				307B60B117D5A8EC0008EE87 /* round-rating0-150-white.png in Resources */,
				30BFEA4217D142BE00904F17 /* icon-v2-58.png in Resources */,
				30BFEA4317D142BE00904F17 /* icon-v2-80.png in Resources */,
				3060205D17B18C3E003F4B54 /* MenuItemViewController.xib in Resources */,
				30F15E0717D1731E006C60B8 /* round-rating0-150.png in Resources */,
				30BFEA5317D1476000904F17 /* background-main-v2-dark-iphone4-548.png in Resources */,
				30F15E0C17D1731E006C60B8 /* round-rating25-150.png in Resources */,
				307B60AF17D5A8E50008EE87 /* round-rating5-special-150-white.png in Resources */,
				30BFEA4F17D143FA00904F17 /* background-main-v2-dark-iphone5.png in Resources */,
				30F15E0817D1731E006C60B8 /* round-rating05-150.png in Resources */,
				30BFEA5417D1476000904F17 /* background-main-v2-dark-iphone4-568.png in Resources */,
				30BFEA5617D14A3B00904F17 /* background-purple.png in Resources */,
				3065242E17D00839001D9D7D /* bldg-f-clear-tall.png in Resources */,
				30AA840117A9F2F700B6BCE2 /* Images.xcassets in Resources */,
				301E648717B1B8D700FDCC67 /* ReviewCommentCell.xib in Resources */,
				30F15E0A17D1731E006C60B8 /* round-rating15-150.png in Resources */,
				301E648917B1BB5F00FDCC67 /* MenuItemCell.xib in Resources */,
				3049EE0417D63429005A9918 /* AddRatingViewController.xib in Resources */,
				307B60A617D5A8E50008EE87 /* round-rating1-150-white.png in Resources */,
				307B60AD17D5A8E50008EE87 /* round-rating45-150-white.png in Resources */,
				307B60A717D5A8E50008EE87 /* round-rating15-150-white.png in Resources */,
				30F15E0B17D1731E006C60B8 /* round-rating2-150.png in Resources */,
				30BFEA4817D1434D00904F17 /* icon-v2-57.png in Resources */,
				30BFEA4117D142BE00904F17 /* icon-v2-29.png in Resources */,
			);
			runOnlyForDeploymentPostprocessing = 0;
		};
		30AA840417A9F2F700B6BCE2 /* Resources */ = {
			isa = PBXResourcesBuildPhase;
			buildActionMask = 2147483647;
			files = (
				30AA841317A9F2F700B6BCE2 /* InfoPlist.strings in Resources */,
			);
			runOnlyForDeploymentPostprocessing = 0;
		};
/* End PBXResourcesBuildPhase section */

/* Begin PBXShellScriptBuildPhase section */
		4319E58850D1443F805A6AA1 /* Copy Pods Resources */ = {
			isa = PBXShellScriptBuildPhase;
			buildActionMask = 2147483647;
			files = (
			);
			inputPaths = (
			);
			name = "Copy Pods Resources";
			outputPaths = (
			);
			runOnlyForDeploymentPostprocessing = 0;
			shellPath = /bin/sh;
			shellScript = "\"${SRCROOT}/Pods/Pods-resources.sh\"\n";
			showEnvVarsInLog = 0;
		};
		7085669EE59846CEA5A3DB5C /* Check Pods Manifest.lock */ = {
			isa = PBXShellScriptBuildPhase;
			buildActionMask = 2147483647;
			files = (
			);
			inputPaths = (
			);
			name = "Check Pods Manifest.lock";
			outputPaths = (
			);
			runOnlyForDeploymentPostprocessing = 0;
			shellPath = /bin/sh;
			shellScript = "diff \"${PODS_ROOT}/../Podfile.lock\" \"${PODS_ROOT}/Manifest.lock\" > /dev/null\nif [[ $? != 0 ]] ; then\n    cat << EOM\nerror: The sandbox is not in sync with the Podfile.lock. Run 'pod install' or update your CocoaPods installation.\nEOM\n    exit 1\nfi\n";
			showEnvVarsInLog = 0;
		};
/* End PBXShellScriptBuildPhase section */

/* Begin PBXSourcesBuildPhase section */
		30AA83E217A9F2F700B6BCE2 /* Sources */ = {
			isa = PBXSourcesBuildPhase;
			buildActionMask = 2147483647;
			files = (
				308D9B9A17CBFAE800951708 /* User.m in Sources */,
				30DFA90F17B1BE4C00B729FB /* AddRatingViewController.m in Sources */,
				30DFA90017B1BD3D00B729FB /* BuildingListViewController.m in Sources */,
				30AA83FF17A9F2F700B6BCE2 /* urls_reviewr.xcdatamodeld in Sources */,
				30DFA8FC17B1BD0700B729FB /* ReviewCommentCell.m in Sources */,
				30DFA90517B1BD5900B729FB /* MenuListViewController.m in Sources */,
				3BAFE1BC17C3ED6E0025C584 /* Building.m in Sources */,
				3BAFE1BF17CC5B930025C584 /* Menu.m in Sources */,
				30AA83FC17A9F2F700B6BCE2 /* AppDelegate.m in Sources */,
				30AA83F817A9F2F700B6BCE2 /* main.m in Sources */,
				30DFA90A17B1BD7C00B729FB /* AccountSetupViewController.m in Sources */,
				3BAFE1B917C3EBC90025C584 /* RestObject.m in Sources */,
				3060205C17B18C3E003F4B54 /* MenuItemViewController.m in Sources */,
				3BAFE1AD17C319280025C584 /* MenuItem.m in Sources */,
				3060205717B18BFC003F4B54 /* MenuViewController.m in Sources */,
				3060206017B18C77003F4B54 /* MenuItemCell.m in Sources */,
				3BAFE1B517C342220025C584 /* UrlsClient.m in Sources */,
			);
			runOnlyForDeploymentPostprocessing = 0;
		};
		30AA840217A9F2F700B6BCE2 /* Sources */ = {
			isa = PBXSourcesBuildPhase;
			buildActionMask = 2147483647;
			files = (
				30AA841517A9F2F700B6BCE2 /* urls_reviewrTests.m in Sources */,
				3B9707DA17D3CCB0006FE6E0 /* MenuItemTest.m in Sources */,
			);
			runOnlyForDeploymentPostprocessing = 0;
		};
/* End PBXSourcesBuildPhase section */

/* Begin PBXTargetDependency section */
		30AA840D17A9F2F700B6BCE2 /* PBXTargetDependency */ = {
			isa = PBXTargetDependency;
			target = 30AA83E517A9F2F700B6BCE2 /* urls_reviewr */;
			targetProxy = 30AA840C17A9F2F700B6BCE2 /* PBXContainerItemProxy */;
		};
/* End PBXTargetDependency section */

/* Begin PBXVariantGroup section */
		30AA83F417A9F2F700B6BCE2 /* InfoPlist.strings */ = {
			isa = PBXVariantGroup;
			children = (
				30AA83F517A9F2F700B6BCE2 /* en */,
			);
			name = InfoPlist.strings;
			sourceTree = "<group>";
		};
		30AA841117A9F2F700B6BCE2 /* InfoPlist.strings */ = {
			isa = PBXVariantGroup;
			children = (
				30AA841217A9F2F700B6BCE2 /* en */,
			);
			name = InfoPlist.strings;
			sourceTree = "<group>";
		};
/* End PBXVariantGroup section */

/* Begin XCBuildConfiguration section */
		30AA841617A9F2F700B6BCE2 /* Debug */ = {
			isa = XCBuildConfiguration;
			buildSettings = {
				ALWAYS_SEARCH_USER_PATHS = NO;
				CLANG_CXX_LANGUAGE_STANDARD = "gnu++0x";
				CLANG_CXX_LIBRARY = "libc++";
				CLANG_ENABLE_MODULES = YES;
				CLANG_ENABLE_OBJC_ARC = YES;
				CLANG_WARN_BOOL_CONVERSION = YES;
				CLANG_WARN_CONSTANT_CONVERSION = YES;
				CLANG_WARN_DIRECT_OBJC_ISA_USAGE = YES_ERROR;
				CLANG_WARN_EMPTY_BODY = YES;
				CLANG_WARN_ENUM_CONVERSION = YES;
				CLANG_WARN_INT_CONVERSION = YES;
				CLANG_WARN_OBJC_ROOT_CLASS = YES_ERROR;
				CLANG_WARN__DUPLICATE_METHOD_MATCH = YES;
				"CODE_SIGN_IDENTITY[sdk=iphoneos*]" = "iPhone Developer";
				COPY_PHASE_STRIP = NO;
				GCC_C_LANGUAGE_STANDARD = gnu99;
				GCC_DYNAMIC_NO_PIC = NO;
				GCC_OPTIMIZATION_LEVEL = 0;
				GCC_PREPROCESSOR_DEFINITIONS = (
					"DEBUG=1",
					"$(inherited)",
				);
				GCC_SYMBOLS_PRIVATE_EXTERN = NO;
				GCC_WARN_ABOUT_RETURN_TYPE = YES_ERROR;
				GCC_WARN_UNDECLARED_SELECTOR = YES;
				GCC_WARN_UNINITIALIZED_AUTOS = YES;
				GCC_WARN_UNUSED_FUNCTION = YES;
				GCC_WARN_UNUSED_VARIABLE = YES;
				IPHONEOS_DEPLOYMENT_TARGET = 6.0;
				ONLY_ACTIVE_ARCH = YES;
				PRODUCT_NAME = Cafes;
				SDKROOT = iphoneos;
			};
			name = Debug;
		};
		30AA841717A9F2F700B6BCE2 /* Release */ = {
			isa = XCBuildConfiguration;
			buildSettings = {
				ALWAYS_SEARCH_USER_PATHS = NO;
				CLANG_CXX_LANGUAGE_STANDARD = "gnu++0x";
				CLANG_CXX_LIBRARY = "libc++";
				CLANG_ENABLE_MODULES = YES;
				CLANG_ENABLE_OBJC_ARC = YES;
				CLANG_WARN_BOOL_CONVERSION = YES;
				CLANG_WARN_CONSTANT_CONVERSION = YES;
				CLANG_WARN_DIRECT_OBJC_ISA_USAGE = YES_ERROR;
				CLANG_WARN_EMPTY_BODY = YES;
				CLANG_WARN_ENUM_CONVERSION = YES;
				CLANG_WARN_INT_CONVERSION = YES;
				CLANG_WARN_OBJC_ROOT_CLASS = YES_ERROR;
				CLANG_WARN__DUPLICATE_METHOD_MATCH = YES;
				"CODE_SIGN_IDENTITY[sdk=iphoneos*]" = "iPhone Developer";
				COPY_PHASE_STRIP = YES;
				ENABLE_NS_ASSERTIONS = NO;
				GCC_C_LANGUAGE_STANDARD = gnu99;
				GCC_WARN_ABOUT_RETURN_TYPE = YES_ERROR;
				GCC_WARN_UNDECLARED_SELECTOR = YES;
				GCC_WARN_UNINITIALIZED_AUTOS = YES;
				GCC_WARN_UNUSED_FUNCTION = YES;
				GCC_WARN_UNUSED_VARIABLE = YES;
				IPHONEOS_DEPLOYMENT_TARGET = 6.0;
				PRODUCT_NAME = Cafes;
				SDKROOT = iphoneos;
				VALIDATE_PRODUCT = YES;
			};
			name = Release;
		};
		30AA841917A9F2F700B6BCE2 /* Debug */ = {
			isa = XCBuildConfiguration;
			baseConfigurationReference = 84F7E0C29B304F06B486C4C8 /* Pods.xcconfig */;
			buildSettings = {
				ASSETCATALOG_COMPILER_APPICON_NAME = AppIcon;
				ASSETCATALOG_COMPILER_LAUNCHIMAGE_NAME = LaunchImage;
				CODE_SIGN_IDENTITY = "iPhone Developer";
				"CODE_SIGN_IDENTITY[sdk=iphoneos*]" = "iPhone Developer";
				FRAMEWORK_SEARCH_PATHS = (
					"$(inherited)",
					"$(DEVELOPER_FRAMEWORKS_DIR)",
				);
				GCC_PRECOMPILE_PREFIX_HEADER = YES;
				GCC_PREFIX_HEADER = "urls_reviewr/urls_reviewr-Prefix.pch";
				INFOPLIST_FILE = "urls_reviewr/urls_reviewr-Info.plist";
				IPHONEOS_DEPLOYMENT_TARGET = 6.0;
				PRODUCT_NAME = Cafes;
				PROVISIONING_PROFILE = "";
				WRAPPER_EXTENSION = app;
			};
			name = Debug;
		};
		30AA841A17A9F2F700B6BCE2 /* Release */ = {
			isa = XCBuildConfiguration;
			baseConfigurationReference = 84F7E0C29B304F06B486C4C8 /* Pods.xcconfig */;
			buildSettings = {
				ASSETCATALOG_COMPILER_APPICON_NAME = AppIcon;
				ASSETCATALOG_COMPILER_LAUNCHIMAGE_NAME = LaunchImage;
				CODE_SIGN_IDENTITY = "iPhone Developer";
				"CODE_SIGN_IDENTITY[sdk=iphoneos*]" = "iPhone Developer";
				FRAMEWORK_SEARCH_PATHS = (
					"$(inherited)",
					"$(DEVELOPER_FRAMEWORKS_DIR)",
				);
				GCC_PRECOMPILE_PREFIX_HEADER = YES;
				GCC_PREFIX_HEADER = "urls_reviewr/urls_reviewr-Prefix.pch";
				INFOPLIST_FILE = "urls_reviewr/urls_reviewr-Info.plist";
				IPHONEOS_DEPLOYMENT_TARGET = 6.0;
				PRODUCT_NAME = Cafes;
				PROVISIONING_PROFILE = "";
				WRAPPER_EXTENSION = app;
			};
			name = Release;
		};
		30AA841C17A9F2F700B6BCE2 /* Debug */ = {
			isa = XCBuildConfiguration;
			buildSettings = {
				BUNDLE_LOADER = "$(BUILT_PRODUCTS_DIR)/Cafes.app/Cafes";
				FRAMEWORK_SEARCH_PATHS = (
					"$(SDKROOT)/Developer/Library/Frameworks",
					"$(inherited)",
					"$(DEVELOPER_FRAMEWORKS_DIR)",
				);
				GCC_PRECOMPILE_PREFIX_HEADER = YES;
				GCC_PREFIX_HEADER = "urls_reviewr/urls_reviewr-Prefix.pch";
				GCC_PREPROCESSOR_DEFINITIONS = (
					"DEBUG=1",
					"$(inherited)",
				);
				INFOPLIST_FILE = "urls_reviewrTests/urls_reviewrTests-Info.plist";
				PRODUCT_NAME = "$(TARGET_NAME)";
				TEST_HOST = "$(BUNDLE_LOADER)";
				WRAPPER_EXTENSION = xctest;
			};
			name = Debug;
		};
		30AA841D17A9F2F700B6BCE2 /* Release */ = {
			isa = XCBuildConfiguration;
			buildSettings = {
				BUNDLE_LOADER = "$(BUILT_PRODUCTS_DIR)/Cafes.app/Cafes";
				FRAMEWORK_SEARCH_PATHS = (
					"$(SDKROOT)/Developer/Library/Frameworks",
					"$(inherited)",
					"$(DEVELOPER_FRAMEWORKS_DIR)",
				);
				GCC_PRECOMPILE_PREFIX_HEADER = YES;
				GCC_PREFIX_HEADER = "urls_reviewr/urls_reviewr-Prefix.pch";
				INFOPLIST_FILE = "urls_reviewrTests/urls_reviewrTests-Info.plist";
				PRODUCT_NAME = "$(TARGET_NAME)";
				TEST_HOST = "$(BUNDLE_LOADER)";
				WRAPPER_EXTENSION = xctest;
			};
			name = Release;
		};
/* End XCBuildConfiguration section */

/* Begin XCConfigurationList section */
		30AA83E117A9F2F700B6BCE2 /* Build configuration list for PBXProject "urls_reviewr" */ = {
			isa = XCConfigurationList;
			buildConfigurations = (
				30AA841617A9F2F700B6BCE2 /* Debug */,
				30AA841717A9F2F700B6BCE2 /* Release */,
			);
			defaultConfigurationIsVisible = 0;
			defaultConfigurationName = Release;
		};
		30AA841817A9F2F700B6BCE2 /* Build configuration list for PBXNativeTarget "urls_reviewr" */ = {
			isa = XCConfigurationList;
			buildConfigurations = (
				30AA841917A9F2F700B6BCE2 /* Debug */,
				30AA841A17A9F2F700B6BCE2 /* Release */,
			);
			defaultConfigurationIsVisible = 0;
			defaultConfigurationName = Release;
		};
		30AA841B17A9F2F700B6BCE2 /* Build configuration list for PBXNativeTarget "urls_reviewrTests" */ = {
			isa = XCConfigurationList;
			buildConfigurations = (
				30AA841C17A9F2F700B6BCE2 /* Debug */,
				30AA841D17A9F2F700B6BCE2 /* Release */,
			);
			defaultConfigurationIsVisible = 0;
			defaultConfigurationName = Release;
		};
/* End XCConfigurationList section */

/* Begin XCVersionGroup section */
		30AA83FD17A9F2F700B6BCE2 /* urls_reviewr.xcdatamodeld */ = {
			isa = XCVersionGroup;
			children = (
				30AA83FE17A9F2F700B6BCE2 /* urls_reviewr.xcdatamodel */,
			);
			currentVersion = 30AA83FE17A9F2F700B6BCE2 /* urls_reviewr.xcdatamodel */;
			path = urls_reviewr.xcdatamodeld;
			sourceTree = "<group>";
			versionGroupType = wrapper.xcdatamodel;
		};
/* End XCVersionGroup section */
	};
	rootObject = 30AA83DE17A9F2F700B6BCE2 /* Project object */;
}
